// !$*UTF8*$!
{
	archiveVersion = 1;
	classes = {
	};
	objectVersion = 46;
	objects = {

/* Begin PBXBuildFile section */
		C9B950E11A5621E50064079A /* AppDelegate.swift in Sources */ = {isa = PBXBuildFile; fileRef = C9B950E01A5621E50064079A /* AppDelegate.swift */; };
		C9B950E31A5621E50064079A /* FirstViewController.swift in Sources */ = {isa = PBXBuildFile; fileRef = C9B950E21A5621E50064079A /* FirstViewController.swift */; };
		C9B950E51A5621E50064079A /* SecondViewController.swift in Sources */ = {isa = PBXBuildFile; fileRef = C9B950E41A5621E50064079A /* SecondViewController.swift */; };
		C9B950E81A5621E50064079A /* Main.storyboard in Resources */ = {isa = PBXBuildFile; fileRef = C9B950E61A5621E50064079A /* Main.storyboard */; };
		C9B950EA1A5621E50064079A /* Images.xcassets in Resources */ = {isa = PBXBuildFile; fileRef = C9B950E91A5621E50064079A /* Images.xcassets */; };
		C9B950ED1A5621E50064079A /* LaunchScreen.xib in Resources */ = {isa = PBXBuildFile; fileRef = C9B950EB1A5621E50064079A /* LaunchScreen.xib */; };
		C9B950F91A5621E50064079A /* multViewsTests.swift in Sources */ = {isa = PBXBuildFile; fileRef = C9B950F81A5621E50064079A /* multViewsTests.swift */; };
/* End PBXBuildFile section */

/* Begin PBXContainerItemProxy section */
		C9B950F31A5621E50064079A /* PBXContainerItemProxy */ = {
			isa = PBXContainerItemProxy;
			containerPortal = C9B950D31A5621E50064079A /* Project object */;
			proxyType = 1;
			remoteGlobalIDString = C9B950DA1A5621E50064079A;
			remoteInfo = multViews;
		};
/* End PBXContainerItemProxy section */

/* Begin PBXFileReference section */
		C9B950DB1A5621E50064079A /* multViews.app */ = {isa = PBXFileReference; explicitFileType = wrapper.application; includeInIndex = 0; path = multViews.app; sourceTree = BUILT_PRODUCTS_DIR; };
		C9B950DF1A5621E50064079A /* Info.plist */ = {isa = PBXFileReference; lastKnownFileType = text.plist.xml; path = Info.plist; sourceTree = "<group>"; };
		C9B950E01A5621E50064079A /* AppDelegate.swift */ = {isa = PBXFileReference; lastKnownFileType = sourcecode.swift; path = AppDelegate.swift; sourceTree = "<group>"; };
		C9B950E21A5621E50064079A /* FirstViewController.swift */ = {isa = PBXFileReference; lastKnownFileType = sourcecode.swift; path = FirstViewController.swift; sourceTree = "<group>"; };
		C9B950E41A5621E50064079A /* SecondViewController.swift */ = {isa = PBXFileReference; lastKnownFileType = sourcecode.swift; path = SecondViewController.swift; sourceTree = "<group>"; };
		C9B950E71A5621E50064079A /* Base */ = {isa = PBXFileReference; lastKnownFileType = file.storyboard; name = Base; path = Base.lproj/Main.storyboard; sourceTree = "<group>"; };
		C9B950E91A5621E50064079A /* Images.xcassets */ = {isa = PBXFileReference; lastKnownFileType = folder.assetcatalog; path = Images.xcassets; sourceTree = "<group>"; };
		C9B950EC1A5621E50064079A /* Base */ = {isa = PBXFileReference; lastKnownFileType = file.xib; name = Base; path = Base.lproj/LaunchScreen.xib; sourceTree = "<group>"; };
		C9B950F21A5621E50064079A /* multViewsTests.xctest */ = {isa = PBXFileReference; explicitFileType = wrapper.cfbundle; includeInIndex = 0; path = multViewsTests.xctest; sourceTree = BUILT_PRODUCTS_DIR; };
		C9B950F71A5621E50064079A /* Info.plist */ = {isa = PBXFileReference; lastKnownFileType = text.plist.xml; path = Info.plist; sourceTree = "<group>"; };
		C9B950F81A5621E50064079A /* multViewsTests.swift */ = {isa = PBXFileReference; lastKnownFileType = sourcecode.swift; path = multViewsTests.swift; sourceTree = "<group>"; };
/* End PBXFileReference section */

/* Begin PBXFrameworksBuildPhase section */
		C9B950D81A5621E50064079A /* Frameworks */ = {
			isa = PBXFrameworksBuildPhase;
			buildActionMask = 2147483647;
			files = (
			);
			runOnlyForDeploymentPostprocessing = 0;
		};
		C9B950EF1A5621E50064079A /* Frameworks */ = {
			isa = PBXFrameworksBuildPhase;
			buildActionMask = 2147483647;
			files = (
			);
			runOnlyForDeploymentPostprocessing = 0;
		};
/* End PBXFrameworksBuildPhase section */

/* Begin PBXGroup section */
		C9B950D21A5621E50064079A = {
			isa = PBXGroup;
			children = (
				C9B950DD1A5621E50064079A /* multViews */,
				C9B950F51A5621E50064079A /* multViewsTests */,
				C9B950DC1A5621E50064079A /* Products */,
			);
			sourceTree = "<group>";
		};
		C9B950DC1A5621E50064079A /* Products */ = {
			isa = PBXGroup;
			children = (
				C9B950DB1A5621E50064079A /* multViews.app */,
				C9B950F21A5621E50064079A /* multViewsTests.xctest */,
			);
			name = Products;
			sourceTree = "<group>";
		};
		C9B950DD1A5621E50064079A /* multViews */ = {
			isa = PBXGroup;
			children = (
				C9B950E01A5621E50064079A /* AppDelegate.swift */,
				C9B950E21A5621E50064079A /* FirstViewController.swift */,
				C9B950E41A5621E50064079A /* SecondViewController.swift */,
				C9B950E61A5621E50064079A /* Main.storyboard */,
				C9B950E91A5621E50064079A /* Images.xcassets */,
				C9B950EB1A5621E50064079A /* LaunchScreen.xib */,
				C9B950DE1A5621E50064079A /* Supporting Files */,
			);
			path = multViews;
			sourceTree = "<group>";
		};
		C9B950DE1A5621E50064079A /* Supporting Files */ = {
			isa = PBXGroup;
			children = (
				C9B950DF1A5621E50064079A /* Info.plist */,
			);
			name = "Supporting Files";
			sourceTree = "<group>";
		};
		C9B950F51A5621E50064079A /* multViewsTests */ = {
			isa = PBXGroup;
			children = (
				C9B950F81A5621E50064079A /* multViewsTests.swift */,
				C9B950F61A5621E50064079A /* Supporting Files */,
			);
			path = multViewsTests;
			sourceTree = "<group>";
		};
		C9B950F61A5621E50064079A /* Supporting Files */ = {
			isa = PBXGroup;
			children = (
				C9B950F71A5621E50064079A /* Info.plist */,
			);
			name = "Supporting Files";
			sourceTree = "<group>";
		};
/* End PBXGroup section */

/* Begin PBXNativeTarget section */
		C9B950DA1A5621E50064079A /* multViews */ = {
			isa = PBXNativeTarget;
			buildConfigurationList = C9B950FC1A5621E50064079A /* Build configuration list for PBXNativeTarget "multViews" */;
			buildPhases = (
				C9B950D71A5621E50064079A /* Sources */,
				C9B950D81A5621E50064079A /* Frameworks */,
				C9B950D91A5621E50064079A /* Resources */,
			);
			buildRules = (
			);
			dependencies = (
			);
			name = multViews;
			productName = multViews;
			productReference = C9B950DB1A5621E50064079A /* multViews.app */;
			productType = "com.apple.product-type.application";
		};
		C9B950F11A5621E50064079A /* multViewsTests */ = {
			isa = PBXNativeTarget;
			buildConfigurationList = C9B950FF1A5621E50064079A /* Build configuration list for PBXNativeTarget "multViewsTests" */;
			buildPhases = (
				C9B950EE1A5621E50064079A /* Sources */,
				C9B950EF1A5621E50064079A /* Frameworks */,
				C9B950F01A5621E50064079A /* Resources */,
			);
			buildRules = (
			);
			dependencies = (
				C9B950F41A5621E50064079A /* PBXTargetDependency */,
			);
			name = multViewsTests;
			productName = multViewsTests;
			productReference = C9B950F21A5621E50064079A /* multViewsTests.xctest */;
			productType = "com.apple.product-type.bundle.unit-test";
		};
/* End PBXNativeTarget section */

/* Begin PBXProject section */
		C9B950D31A5621E50064079A /* Project object */ = {
			isa = PBXProject;
			attributes = {
				LastUpgradeCheck = 0610;
				ORGANIZATIONNAME = MTM;
				TargetAttributes = {
					C9B950DA1A5621E50064079A = {
						CreatedOnToolsVersion = 6.1.1;
					};
					C9B950F11A5621E50064079A = {
						CreatedOnToolsVersion = 6.1.1;
						TestTargetID = C9B950DA1A5621E50064079A;
					};
				};
			};
			buildConfigurationList = C9B950D61A5621E50064079A /* Build configuration list for PBXProject "multViews" */;
			compatibilityVersion = "Xcode 3.2";
			developmentRegion = English;
			hasScannedForEncodings = 0;
			knownRegions = (
				en,
				Base,
			);
			mainGroup = C9B950D21A5621E50064079A;
			productRefGroup = C9B950DC1A5621E50064079A /* Products */;
			projectDirPath = "";
			projectRoot = "";
			targets = (
				C9B950DA1A5621E50064079A /* multViews */,
				C9B950F11A5621E50064079A /* multViewsTests */,
			);
		};
/* End PBXProject section */

/* Begin PBXResourcesBuildPhase section */
		C9B950D91A5621E50064079A /* Resources */ = {
			isa = PBXResourcesBuildPhase;
			buildActionMask = 2147483647;
			files = (
				C9B950E81A5621E50064079A /* Main.storyboard in Resources */,
				C9B950ED1A5621E50064079A /* LaunchScreen.xib in Resources */,
				C9B950EA1A5621E50064079A /* Images.xcassets in Resources */,
			);
			runOnlyForDeploymentPostprocessing = 0;
		};
		C9B950F01A5621E50064079A /* Resources */ = {
			isa = PBXResourcesBuildPhase;
			buildActionMask = 2147483647;
			files = (
			);
			runOnlyForDeploymentPostprocessing = 0;
		};
/* End PBXResourcesBuildPhase section */

/* Begin PBXSourcesBuildPhase section */
		C9B950D71A5621E50064079A /* Sources */ = {
			isa = PBXSourcesBuildPhase;
			buildActionMask = 2147483647;
			files = (
				C9B950E51A5621E50064079A /* SecondViewController.swift in Sources */,
				C9B950E11A5621E50064079A /* AppDelegate.swift in Sources */,
				C9B950E31A5621E50064079A /* FirstViewController.swift in Sources */,
			);
			runOnlyForDeploymentPostprocessing = 0;
		};
		C9B950EE1A5621E50064079A /* Sources */ = {
			isa = PBXSourcesBuildPhase;
			buildActionMask = 2147483647;
			files = (
				C9B950F91A5621E50064079A /* multViewsTests.swift in Sources */,
			);
			runOnlyForDeploymentPostprocessing = 0;
		};
/* End PBXSourcesBuildPhase section */

/* Begin PBXTargetDependency section */
		C9B950F41A5621E50064079A /* PBXTargetDependency */ = {
			isa = PBXTargetDependency;
			target = C9B950DA1A5621E50064079A /* multViews */;
			targetProxy = C9B950F31A5621E50064079A /* PBXContainerItemProxy */;
		};
/* End PBXTargetDependency section */

/* Begin PBXVariantGroup section */
		C9B950E61A5621E50064079A /* Main.storyboard */ = {
			isa = PBXVariantGroup;
			children = (
				C9B950E71A5621E50064079A /* Base */,
			);
			name = Main.storyboard;
			sourceTree = "<group>";
		};
		C9B950EB1A5621E50064079A /* LaunchScreen.xib */ = {
			isa = PBXVariantGroup;
			children = (
				C9B950EC1A5621E50064079A /* Base */,
			);
			name = LaunchScreen.xib;
			sourceTree = "<group>";
		};
/* End PBXVariantGroup section */

/* Begin XCBuildConfiguration section */
		C9B950FA1A5621E50064079A /* Debug */ = {
			isa = XCBuildConfiguration;
			buildSettings = {
				ALWAYS_SEARCH_USER_PATHS = NO;
				CLANG_CXX_LANGUAGE_STANDARD = "gnu++0x";
				CLANG_CXX_LIBRARY = "libc++";
				CLANG_ENABLE_MODULES = YES;
				CLANG_ENABLE_OBJC_ARC = YES;
				CLANG_WARN_BOOL_CONVERSION = YES;
				CLANG_WARN_CONSTANT_CONVERSION = YES;
				CLANG_WARN_DIRECT_OBJC_ISA_USAGE = YES_ERROR;
				CLANG_WARN_EMPTY_BODY = YES;
				CLANG_WARN_ENUM_CONVERSION = YES;
				CLANG_WARN_INT_CONVERSION = YES;
				CLANG_WARN_OBJC_ROOT_CLASS = YES_ERROR;
				CLANG_WARN_UNREACHABLE_CODE = YES;
				CLANG_WARN__DUPLICATE_METHOD_MATCH = YES;
				"CODE_SIGN_IDENTITY[sdk=iphoneos*]" = "iPhone Developer";
				COPY_PHASE_STRIP = NO;
				ENABLE_STRICT_OBJC_MSGSEND = YES;
				GCC_C_LANGUAGE_STANDARD = gnu99;
				GCC_DYNAMIC_NO_PIC = NO;
				GCC_OPTIMIZATION_LEVEL = 0;
				GCC_PREPROCESSOR_DEFINITIONS = (
					"DEBUG=1",
					"$(inherited)",
				);
				GCC_SYMBOLS_PRIVATE_EXTERN = NO;
				GCC_WARN_64_TO_32_BIT_CONVERSION = YES;
				GCC_WARN_ABOUT_RETURN_TYPE = YES_ERROR;
				GCC_WARN_UNDECLARED_SELECTOR = YES;
				GCC_WARN_UNINITIALIZED_AUTOS = YES_AGGRESSIVE;
				GCC_WARN_UNUSED_FUNCTION = YES;
				GCC_WARN_UNUSED_VARIABLE = YES;
				IPHONEOS_DEPLOYMENT_TARGET = 8.1;
				MTL_ENABLE_DEBUG_INFO = YES;
				ONLY_ACTIVE_ARCH = YES;
				SDKROOT = iphoneos;
				SWIFT_OPTIMIZATION_LEVEL = "-Onone";
			};
			name = Debug;
		};
		C9B950FB1A5621E50064079A /* Release */ = {
			isa = XCBuildConfiguration;
			buildSettings = {
				ALWAYS_SEARCH_USER_PATHS = NO;
				CLANG_CXX_LANGUAGE_STANDARD = "gnu++0x";
				CLANG_CXX_LIBRARY = "libc++";
				CLANG_ENABLE_MODULES = YES;
				CLANG_ENABLE_OBJC_ARC = YES;
				CLANG_WARN_BOOL_CONVERSION = YES;
				CLANG_WARN_CONSTANT_CONVERSION = YES;
				CLANG_WARN_DIRECT_OBJC_ISA_USAGE = YES_ERROR;
				CLANG_WARN_EMPTY_BODY = YES;
				CLANG_WARN_ENUM_CONVERSION = YES;
				CLANG_WARN_INT_CONVERSION = YES;
				CLANG_WARN_OBJC_ROOT_CLASS = YES_ERROR;
				CLANG_WARN_UNREACHABLE_CODE = YES;
				CLANG_WARN__DUPLICATE_METHOD_MATCH = YES;
				"CODE_SIGN_IDENTITY[sdk=iphoneos*]" = "iPhone Developer";
				COPY_PHASE_STRIP = YES;
				ENABLE_NS_ASSERTIONS = NO;
				ENABLE_STRICT_OBJC_MSGSEND = YES;
				GCC_C_LANGUAGE_STANDARD = gnu99;
				GCC_WARN_64_TO_32_BIT_CONVERSION = YES;
				GCC_WARN_ABOUT_RETURN_TYPE = YES_ERROR;
				GCC_WARN_UNDECLARED_SELECTOR = YES;
				GCC_WARN_UNINITIALIZED_AUTOS = YES_AGGRESSIVE;
				GCC_WARN_UNUSED_FUNCTION = YES;
				GCC_WARN_UNUSED_VARIABLE = YES;
				IPHONEOS_DEPLOYMENT_TARGET = 8.1;
				MTL_ENABLE_DEBUG_INFO = NO;
				SDKROOT = iphoneos;
				VALIDATE_PRODUCT = YES;
			};
			name = Release;
		};
		C9B950FD1A5621E50064079A /* Debug */ = {
			isa = XCBuildConfiguration;
			buildSettings = {
				ASSETCATALOG_COMPILER_APPICON_NAME = AppIcon;
				INFOPLIST_FILE = multViews/Info.plist;
				LD_RUNPATH_SEARCH_PATHS = "$(inherited) @executable_path/Frameworks";
				PRODUCT_NAME = "$(TARGET_NAME)";
			};
			name = Debug;
		};
		C9B950FE1A5621E50064079A /* Release */ = {
			isa = XCBuildConfiguration;
			buildSettings = {
				ASSETCATALOG_COMPILER_APPICON_NAME = AppIcon;
				INFOPLIST_FILE = multViews/Info.plist;
				LD_RUNPATH_SEARCH_PATHS = "$(inherited) @executable_path/Frameworks";
				PRODUCT_NAME = "$(TARGET_NAME)";
			};
			name = Release;
		};
		C9B951001A5621E50064079A /* Debug */ = {
			isa = XCBuildConfiguration;
			buildSettings = {
				BUNDLE_LOADER = "$(TEST_HOST)";
				FRAMEWORK_SEARCH_PATHS = (
					"$(SDKROOT)/Developer/Library/Frameworks",
					"$(inherited)",
				);
				GCC_PREPROCESSOR_DEFINITIONS = (
					"DEBUG=1",
					"$(inherited)",
				);
				INFOPLIST_FILE = multViewsTests/Info.plist;
				LD_RUNPATH_SEARCH_PATHS = "$(inherited) @executable_path/Frameworks @loader_path/Frameworks";
				PRODUCT_NAME = "$(TARGET_NAME)";
				TEST_HOST = "$(BUILT_PRODUCTS_DIR)/multViews.app/multViews";
			};
			name = Debug;
		};
		C9B951011A5621E50064079A /* Release */ = {
			isa = XCBuildConfiguration;
			buildSettings = {
				BUNDLE_LOADER = "$(TEST_HOST)";
				FRAMEWORK_SEARCH_PATHS = (
					"$(SDKROOT)/Developer/Library/Frameworks",
					"$(inherited)",
				);
				INFOPLIST_FILE = multViewsTests/Info.plist;
				LD_RUNPATH_SEARCH_PATHS = "$(inherited) @executable_path/Frameworks @loader_path/Frameworks";
				PRODUCT_NAME = "$(TARGET_NAME)";
				TEST_HOST = "$(BUILT_PRODUCTS_DIR)/multViews.app/multViews";
			};
			name = Release;
		};
/* End XCBuildConfiguration section */

/* Begin XCConfigurationList section */
		C9B950D61A5621E50064079A /* Build configuration list for PBXProject "multViews" */ = {
			isa = XCConfigurationList;
			buildConfigurations = (
				C9B950FA1A5621E50064079A /* Debug */,
				C9B950FB1A5621E50064079A /* Release */,
			);
			defaultConfigurationIsVisible = 0;
			defaultConfigurationName = Release;
		};
		C9B950FC1A5621E50064079A /* Build configuration list for PBXNativeTarget "multViews" */ = {
			isa = XCConfigurationList;
			buildConfigurations = (
				C9B950FD1A5621E50064079A /* Debug */,
				C9B950FE1A5621E50064079A /* Release */,
			);
			defaultConfigurationIsVisible = 0;
		};
		C9B950FF1A5621E50064079A /* Build configuration list for PBXNativeTarget "multViewsTests" */ = {
			isa = XCConfigurationList;
			buildConfigurations = (
				C9B951001A5621E50064079A /* Debug */,
				C9B951011A5621E50064079A /* Release */,
			);
			defaultConfigurationIsVisible = 0;
		};
/* End XCConfigurationList section */
	};
	rootObject = C9B950D31A5621E50064079A /* Project object */;
}
